
Microsoft Visual Studio Solution File, Format Version 12.00
# Visual Studio Version 16
VisualStudioVersion = 16.0.30114.105
MinimumVisualStudioVersion = 10.0.40219.1
Project("{FAE04EC0-301F-11D3-BF4B-00C04F79EFBC}") = "ProyectoBingo", "ProyectoBingo\ProyectoBingo.csproj", "{7A87901F-775E-4654-B547-52ACCD7805EE}"
EndProject
Global
	GlobalSection(SolutionConfigurationPlatforms) = preSolution
		Debug|Any CPU = Debug|Any CPU
		Release|Any CPU = Release|Any CPU
	EndGlobalSection
	GlobalSection(ProjectConfigurationPlatforms) = postSolution
		{7A87901F-775E-4654-B547-52ACCD7805EE}.Debug|Any CPU.ActiveCfg = Debug|Any CPU
		{7A87901F-775E-4654-B547-52ACCD7805EE}.Debug|Any CPU.Build.0 = Debug|Any CPU
		{7A87901F-775E-4654-B547-52ACCD7805EE}.Release|Any CPU.ActiveCfg = Release|Any CPU
		{7A87901F-775E-4654-B547-52ACCD7805EE}.Release|Any CPU.Build.0 = Release|Any CPU
	EndGlobalSection
	GlobalSection(SolutionProperties) = preSolution
		HideSolutionNode = FALSE
	EndGlobalSection
	GlobalSection(ExtensibilityGlobals) = postSolution
		SolutionGuid = {FD6C3321-562C-4A8F-A5BD-C95E6B3E4F55}
	EndGlobalSection
EndGlobal
